
Microsoft Visual Studio Solution File, Format Version 12.00
# Visual Studio Version 16
VisualStudioVersion = 16.0.29728.190
MinimumVisualStudioVersion = 10.0.40219.1
Project("{9A19103F-16F7-4668-BE54-9A1E7A4F7556}") = "XmlDocTester", "XmlDocTester\XmlDocTester.csproj", "{8494230B-8306-4A15-AA3C-AF3360A1A095}"
EndProject
Project("{FAE04EC0-301F-11D3-BF4B-00C04F79EFBC}") = "DataModelsLib", "DataModelsLib\DataModelsLib.csproj", "{D7286840-3E2D-4393-BA00-B98B44A4A8E7}"
EndProject
Global
	GlobalSection(SolutionConfigurationPlatforms) = preSolution
		Debug|Any CPU = Debug|Any CPU
		Release|Any CPU = Release|Any CPU
	EndGlobalSection
	GlobalSection(ProjectConfigurationPlatforms) = postSolution
		{8494230B-8306-4A15-AA3C-AF3360A1A095}.Debug|Any CPU.ActiveCfg = Debug|Any CPU
		{8494230B-8306-4A15-AA3C-AF3360A1A095}.Debug|Any CPU.Build.0 = Debug|Any CPU
		{8494230B-8306-4A15-AA3C-AF3360A1A095}.Release|Any CPU.ActiveCfg = Release|Any CPU
		{8494230B-8306-4A15-AA3C-AF3360A1A095}.Release|Any CPU.Build.0 = Release|Any CPU
		{D7286840-3E2D-4393-BA00-B98B44A4A8E7}.Debug|Any CPU.ActiveCfg = Debug|Any CPU
		{D7286840-3E2D-4393-BA00-B98B44A4A8E7}.Debug|Any CPU.Build.0 = Debug|Any CPU
		{D7286840-3E2D-4393-BA00-B98B44A4A8E7}.Release|Any CPU.ActiveCfg = Release|Any CPU
		{D7286840-3E2D-4393-BA00-B98B44A4A8E7}.Release|Any CPU.Build.0 = Release|Any CPU
	EndGlobalSection
	GlobalSection(SolutionProperties) = preSolution
		HideSolutionNode = FALSE
	EndGlobalSection
	GlobalSection(ExtensibilityGlobals) = postSolution
		SolutionGuid = {DDE81B1D-DE16-40AE-8427-01AB1F4A5899}
	EndGlobalSection
EndGlobal
